
Microsoft Visual Studio Solution File, Format Version 12.00
# Visual Studio 15
VisualStudioVersion = 15.0.27004.2002
MinimumVisualStudioVersion = 10.0.40219.1
Project("{FAE04EC0-301F-11D3-BF4B-00C04F79EFBC}") = "BDriven.UnitTest", "BDriven\BDriven.UnitTest.csproj", "{5C182A09-49DC-461B-AEBF-3F7441B7FEC2}"
EndProject
Project("{FAE04EC0-301F-11D3-BF4B-00C04F79EFBC}") = "BDriven.UnitTest.UnitTests", "BDriven.UnitTest.UnitTests\BDriven.UnitTest.UnitTests.csproj", "{FC762D95-181B-4612-B929-EFF46424DE83}"
EndProject
Global
	GlobalSection(SolutionConfigurationPlatforms) = preSolution
		Debug|Any CPU = Debug|Any CPU
		Release|Any CPU = Release|Any CPU
	EndGlobalSection
	GlobalSection(ProjectConfigurationPlatforms) = postSolution
		{5C182A09-49DC-461B-AEBF-3F7441B7FEC2}.Debug|Any CPU.ActiveCfg = Debug|Any CPU
		{5C182A09-49DC-461B-AEBF-3F7441B7FEC2}.Debug|Any CPU.Build.0 = Debug|Any CPU
		{5C182A09-49DC-461B-AEBF-3F7441B7FEC2}.Release|Any CPU.ActiveCfg = Release|Any CPU
		{5C182A09-49DC-461B-AEBF-3F7441B7FEC2}.Release|Any CPU.Build.0 = Release|Any CPU
		{FC762D95-181B-4612-B929-EFF46424DE83}.Debug|Any CPU.ActiveCfg = Debug|Any CPU
		{FC762D95-181B-4612-B929-EFF46424DE83}.Debug|Any CPU.Build.0 = Debug|Any CPU
		{FC762D95-181B-4612-B929-EFF46424DE83}.Release|Any CPU.ActiveCfg = Release|Any CPU
		{FC762D95-181B-4612-B929-EFF46424DE83}.Release|Any CPU.Build.0 = Release|Any CPU
	EndGlobalSection
	GlobalSection(SolutionProperties) = preSolution
		HideSolutionNode = FALSE
	EndGlobalSection
	GlobalSection(ExtensibilityGlobals) = postSolution
		SolutionGuid = {92F93FED-3CE8-43AA-A223-67FD52C9AA8D}
	EndGlobalSection
EndGlobal
